
Microsoft Visual Studio Solution File, Format Version 12.00
# Visual Studio Version 16
VisualStudioVersion = 16.0.30907.101
MinimumVisualStudioVersion = 10.0.40219.1
Project("{FAE04EC0-301F-11D3-BF4B-00C04F79EFBC}") = "exo1", "exo1\exo1.csproj", "{783A8EA9-FB0C-477F-ACB6-E5858FB5D9FD}"
EndProject
Project("{FAE04EC0-301F-11D3-BF4B-00C04F79EFBC}") = "exo2", "exo2\exo2.csproj", "{3926C735-26E6-4653-8211-3984EDB1314B}"
EndProject
Project("{FAE04EC0-301F-11D3-BF4B-00C04F79EFBC}") = "exo3", "exo3\exo3.csproj", "{39AFEEA7-FE60-4EB6-9035-C91801C80606}"
EndProject
Project("{FAE04EC0-301F-11D3-BF4B-00C04F79EFBC}") = "exo4", "exo4\exo4.csproj", "{20FCF720-D777-4F37-992C-E6317ED80BCE}"
EndProject
Project("{FAE04EC0-301F-11D3-BF4B-00C04F79EFBC}") = "exo5", "exo5\exo5.csproj", "{440CC5BD-524A-45BA-A647-6AECD9A67EFA}"
EndProject
Project("{FAE04EC0-301F-11D3-BF4B-00C04F79EFBC}") = "exo6", "exo6\exo6.csproj", "{58948D2E-3AA9-4CDD-A367-7B969FC6CCDE}"
EndProject
Project("{FAE04EC0-301F-11D3-BF4B-00C04F79EFBC}") = "exo2.1", "exo2.1\exo2.1.csproj", "{270EAE93-CB50-436F-B883-F132ACB5D3CB}"
EndProject
Project("{FAE04EC0-301F-11D3-BF4B-00C04F79EFBC}") = "exo2.2", "exo2.2\exo2.2.csproj", "{0C81BF53-5B35-4A33-B424-423FD38DFF4C}"
EndProject
Project("{FAE04EC0-301F-11D3-BF4B-00C04F79EFBC}") = "exo2.3", "exo2.3\exo2.3.csproj", "{AC9F6268-74F2-49F4-A540-57426590577E}"
EndProject
Project("{FAE04EC0-301F-11D3-BF4B-00C04F79EFBC}") = "exo2.4", "exo2.4\exo2.4.csproj", "{4F7BCC6D-3605-4BA5-BE8D-4291E89EF350}"
EndProject
Project("{FAE04EC0-301F-11D3-BF4B-00C04F79EFBC}") = "test", "test\test.csproj", "{C10DDA9E-BBFA-4839-B086-85DBD08032D4}"
EndProject
Project("{FAE04EC0-301F-11D3-BF4B-00C04F79EFBC}") = "exo3.1", "exo3.1\exo3.1.csproj", "{DB345558-C150-4037-A66A-D43E7EEEBFF8}"
EndProject
Project("{FAE04EC0-301F-11D3-BF4B-00C04F79EFBC}") = "exo3.2", "exo3.2\exo3.2.csproj", "{57F05C33-31E9-40E9-8110-0588B0B06241}"
EndProject
Project("{FAE04EC0-301F-11D3-BF4B-00C04F79EFBC}") = "exo4.1", "exo4.1\exo4.1.csproj", "{4112F30A-84E9-4389-BB5C-E8858A6C6263}"
EndProject
Project("{FAE04EC0-301F-11D3-BF4B-00C04F79EFBC}") = "Percolation", "Perlocation\Percolation.csproj", "{8A365A19-46A9-41CB-9251-B10D7EBA7453}"
EndProject
Project("{FAE04EC0-301F-11D3-BF4B-00C04F79EFBC}") = "exo4.2", "exo4.2\exo4.2.csproj", "{F2CC0878-25C8-480A-94C8-F97D8EC61E07}"
EndProject
Project("{FAE04EC0-301F-11D3-BF4B-00C04F79EFBC}") = "exo4.3", "exo4.3\exo4.3.csproj", "{D47C92A0-201D-4C7D-8E89-26859B3E6D5B}"
EndProject
Global
	GlobalSection(SolutionConfigurationPlatforms) = preSolution
		Debug|Any CPU = Debug|Any CPU
		Release|Any CPU = Release|Any CPU
	EndGlobalSection
	GlobalSection(ProjectConfigurationPlatforms) = postSolution
		{783A8EA9-FB0C-477F-ACB6-E5858FB5D9FD}.Debug|Any CPU.ActiveCfg = Debug|Any CPU
		{783A8EA9-FB0C-477F-ACB6-E5858FB5D9FD}.Debug|Any CPU.Build.0 = Debug|Any CPU
		{783A8EA9-FB0C-477F-ACB6-E5858FB5D9FD}.Release|Any CPU.ActiveCfg = Release|Any CPU
		{783A8EA9-FB0C-477F-ACB6-E5858FB5D9FD}.Release|Any CPU.Build.0 = Release|Any CPU
		{3926C735-26E6-4653-8211-3984EDB1314B}.Debug|Any CPU.ActiveCfg = Debug|Any CPU
		{3926C735-26E6-4653-8211-3984EDB1314B}.Debug|Any CPU.Build.0 = Debug|Any CPU
		{3926C735-26E6-4653-8211-3984EDB1314B}.Release|Any CPU.ActiveCfg = Release|Any CPU
		{3926C735-26E6-4653-8211-3984EDB1314B}.Release|Any CPU.Build.0 = Release|Any CPU
		{39AFEEA7-FE60-4EB6-9035-C91801C80606}.Debug|Any CPU.ActiveCfg = Debug|Any CPU
		{39AFEEA7-FE60-4EB6-9035-C91801C80606}.Debug|Any CPU.Build.0 = Debug|Any CPU
		{39AFEEA7-FE60-4EB6-9035-C91801C80606}.Release|Any CPU.ActiveCfg = Release|Any CPU
		{39AFEEA7-FE60-4EB6-9035-C91801C80606}.Release|Any CPU.Build.0 = Release|Any CPU
		{20FCF720-D777-4F37-992C-E6317ED80BCE}.Debug|Any CPU.ActiveCfg = Debug|Any CPU
		{20FCF720-D777-4F37-992C-E6317ED80BCE}.Debug|Any CPU.Build.0 = Debug|Any CPU
		{20FCF720-D777-4F37-992C-E6317ED80BCE}.Release|Any CPU.ActiveCfg = Release|Any CPU
		{20FCF720-D777-4F37-992C-E6317ED80BCE}.Release|Any CPU.Build.0 = Release|Any CPU
		{440CC5BD-524A-45BA-A647-6AECD9A67EFA}.Debug|Any CPU.ActiveCfg = Debug|Any CPU
		{440CC5BD-524A-45BA-A647-6AECD9A67EFA}.Debug|Any CPU.Build.0 = Debug|Any CPU
		{440CC5BD-524A-45BA-A647-6AECD9A67EFA}.Release|Any CPU.ActiveCfg = Release|Any CPU
		{440CC5BD-524A-45BA-A647-6AECD9A67EFA}.Release|Any CPU.Build.0 = Release|Any CPU
		{58948D2E-3AA9-4CDD-A367-7B969FC6CCDE}.Debug|Any CPU.ActiveCfg = Debug|Any CPU
		{58948D2E-3AA9-4CDD-A367-7B969FC6CCDE}.Debug|Any CPU.Build.0 = Debug|Any CPU
		{58948D2E-3AA9-4CDD-A367-7B969FC6CCDE}.Release|Any CPU.ActiveCfg = Release|Any CPU
		{58948D2E-3AA9-4CDD-A367-7B969FC6CCDE}.Release|Any CPU.Build.0 = Release|Any CPU
		{270EAE93-CB50-436F-B883-F132ACB5D3CB}.Debug|Any CPU.ActiveCfg = Debug|Any CPU
		{270EAE93-CB50-436F-B883-F132ACB5D3CB}.Debug|Any CPU.Build.0 = Debug|Any CPU
		{270EAE93-CB50-436F-B883-F132ACB5D3CB}.Release|Any CPU.ActiveCfg = Release|Any CPU
		{270EAE93-CB50-436F-B883-F132ACB5D3CB}.Release|Any CPU.Build.0 = Release|Any CPU
		{0C81BF53-5B35-4A33-B424-423FD38DFF4C}.Debug|Any CPU.ActiveCfg = Debug|Any CPU
		{0C81BF53-5B35-4A33-B424-423FD38DFF4C}.Debug|Any CPU.Build.0 = Debug|Any CPU
		{0C81BF53-5B35-4A33-B424-423FD38DFF4C}.Release|Any CPU.ActiveCfg = Release|Any CPU
		{0C81BF53-5B35-4A33-B424-423FD38DFF4C}.Release|Any CPU.Build.0 = Release|Any CPU
		{AC9F6268-74F2-49F4-A540-57426590577E}.Debug|Any CPU.ActiveCfg = Debug|Any CPU
		{AC9F6268-74F2-49F4-A540-57426590577E}.Debug|Any CPU.Build.0 = Debug|Any CPU
		{AC9F6268-74F2-49F4-A540-57426590577E}.Release|Any CPU.ActiveCfg = Release|Any CPU
		{AC9F6268-74F2-49F4-A540-57426590577E}.Release|Any CPU.Build.0 = Release|Any CPU
		{4F7BCC6D-3605-4BA5-BE8D-4291E89EF350}.Debug|Any CPU.ActiveCfg = Debug|Any CPU
		{4F7BCC6D-3605-4BA5-BE8D-4291E89EF350}.Debug|Any CPU.Build.0 = Debug|Any CPU
		{4F7BCC6D-3605-4BA5-BE8D-4291E89EF350}.Release|Any CPU.ActiveCfg = Release|Any CPU
		{4F7BCC6D-3605-4BA5-BE8D-4291E89EF350}.Release|Any CPU.Build.0 = Release|Any CPU
		{C10DDA9E-BBFA-4839-B086-85DBD08032D4}.Debug|Any CPU.ActiveCfg = Debug|Any CPU
		{C10DDA9E-BBFA-4839-B086-85DBD08032D4}.Debug|Any CPU.Build.0 = Debug|Any CPU
		{C10DDA9E-BBFA-4839-B086-85DBD08032D4}.Release|Any CPU.ActiveCfg = Release|Any CPU
		{C10DDA9E-BBFA-4839-B086-85DBD08032D4}.Release|Any CPU.Build.0 = Release|Any CPU
		{DB345558-C150-4037-A66A-D43E7EEEBFF8}.Debug|Any CPU.ActiveCfg = Debug|Any CPU
		{DB345558-C150-4037-A66A-D43E7EEEBFF8}.Debug|Any CPU.Build.0 = Debug|Any CPU
		{DB345558-C150-4037-A66A-D43E7EEEBFF8}.Release|Any CPU.ActiveCfg = Release|Any CPU
		{DB345558-C150-4037-A66A-D43E7EEEBFF8}.Release|Any CPU.Build.0 = Release|Any CPU
		{57F05C33-31E9-40E9-8110-0588B0B06241}.Debug|Any CPU.ActiveCfg = Debug|Any CPU
		{57F05C33-31E9-40E9-8110-0588B0B06241}.Debug|Any CPU.Build.0 = Debug|Any CPU
		{57F05C33-31E9-40E9-8110-0588B0B06241}.Release|Any CPU.ActiveCfg = Release|Any CPU
		{57F05C33-31E9-40E9-8110-0588B0B06241}.Release|Any CPU.Build.0 = Release|Any CPU
		{4112F30A-84E9-4389-BB5C-E8858A6C6263}.Debug|Any CPU.ActiveCfg = Debug|Any CPU
		{4112F30A-84E9-4389-BB5C-E8858A6C6263}.Debug|Any CPU.Build.0 = Debug|Any CPU
		{4112F30A-84E9-4389-BB5C-E8858A6C6263}.Release|Any CPU.ActiveCfg = Release|Any CPU
		{4112F30A-84E9-4389-BB5C-E8858A6C6263}.Release|Any CPU.Build.0 = Release|Any CPU
		{8A365A19-46A9-41CB-9251-B10D7EBA7453}.Debug|Any CPU.ActiveCfg = Debug|Any CPU
		{8A365A19-46A9-41CB-9251-B10D7EBA7453}.Debug|Any CPU.Build.0 = Debug|Any CPU
		{8A365A19-46A9-41CB-9251-B10D7EBA7453}.Release|Any CPU.ActiveCfg = Release|Any CPU
		{8A365A19-46A9-41CB-9251-B10D7EBA7453}.Release|Any CPU.Build.0 = Release|Any CPU
		{F2CC0878-25C8-480A-94C8-F97D8EC61E07}.Debug|Any CPU.ActiveCfg = Debug|Any CPU
		{F2CC0878-25C8-480A-94C8-F97D8EC61E07}.Debug|Any CPU.Build.0 = Debug|Any CPU
		{F2CC0878-25C8-480A-94C8-F97D8EC61E07}.Release|Any CPU.ActiveCfg = Release|Any CPU
		{F2CC0878-25C8-480A-94C8-F97D8EC61E07}.Release|Any CPU.Build.0 = Release|Any CPU
		{D47C92A0-201D-4C7D-8E89-26859B3E6D5B}.Debug|Any CPU.ActiveCfg = Debug|Any CPU
		{D47C92A0-201D-4C7D-8E89-26859B3E6D5B}.Debug|Any CPU.Build.0 = Debug|Any CPU
		{D47C92A0-201D-4C7D-8E89-26859B3E6D5B}.Release|Any CPU.ActiveCfg = Release|Any CPU
		{D47C92A0-201D-4C7D-8E89-26859B3E6D5B}.Release|Any CPU.Build.0 = Release|Any CPU
	EndGlobalSection
	GlobalSection(SolutionProperties) = preSolution
		HideSolutionNode = FALSE
	EndGlobalSection
	GlobalSection(ExtensibilityGlobals) = postSolution
		SolutionGuid = {516B4416-4E7A-44A7-BDB9-A167F83A3641}
	EndGlobalSection
EndGlobal
